
Microsoft Visual Studio Solution File, Format Version 12.00
# Visual Studio Version 16
VisualStudioVersion = 16.0.30011.22
MinimumVisualStudioVersion = 10.0.40219.1
Project("{9A19103F-16F7-4668-BE54-9A1E7A4F7556}") = "MvcUser", "HesaUser\MvcUser.csproj", "{B01A40F2-3ECF-443A-80C6-32E185908D72}"
EndProject
Project("{9A19103F-16F7-4668-BE54-9A1E7A4F7556}") = "MvcUser.Test", "HesaUser.Test\MvcUser.Test.csproj", "{8B60B018-CB3E-4D36-97C0-1C018AAD98CB}"
EndProject
Project("{9A19103F-16F7-4668-BE54-9A1E7A4F7556}") = "MvcUser.Lookup.Tests", "HesaUser.Lookup.Tests\MvcUser.Lookup.Tests.csproj", "{0BFA6588-D9DA-436F-A9B3-3B7D9E48996F}"
EndProject
Global
	GlobalSection(SolutionConfigurationPlatforms) = preSolution
		Debug|Any CPU = Debug|Any CPU
		Release|Any CPU = Release|Any CPU
	EndGlobalSection
	GlobalSection(ProjectConfigurationPlatforms) = postSolution
		{B01A40F2-3ECF-443A-80C6-32E185908D72}.Debug|Any CPU.ActiveCfg = Debug|Any CPU
		{B01A40F2-3ECF-443A-80C6-32E185908D72}.Debug|Any CPU.Build.0 = Debug|Any CPU
		{B01A40F2-3ECF-443A-80C6-32E185908D72}.Release|Any CPU.ActiveCfg = Release|Any CPU
		{B01A40F2-3ECF-443A-80C6-32E185908D72}.Release|Any CPU.Build.0 = Release|Any CPU
		{8B60B018-CB3E-4D36-97C0-1C018AAD98CB}.Debug|Any CPU.ActiveCfg = Debug|Any CPU
		{8B60B018-CB3E-4D36-97C0-1C018AAD98CB}.Debug|Any CPU.Build.0 = Debug|Any CPU
		{8B60B018-CB3E-4D36-97C0-1C018AAD98CB}.Release|Any CPU.ActiveCfg = Release|Any CPU
		{8B60B018-CB3E-4D36-97C0-1C018AAD98CB}.Release|Any CPU.Build.0 = Release|Any CPU
		{0BFA6588-D9DA-436F-A9B3-3B7D9E48996F}.Debug|Any CPU.ActiveCfg = Debug|Any CPU
		{0BFA6588-D9DA-436F-A9B3-3B7D9E48996F}.Debug|Any CPU.Build.0 = Debug|Any CPU
		{0BFA6588-D9DA-436F-A9B3-3B7D9E48996F}.Release|Any CPU.ActiveCfg = Release|Any CPU
		{0BFA6588-D9DA-436F-A9B3-3B7D9E48996F}.Release|Any CPU.Build.0 = Release|Any CPU
	EndGlobalSection
	GlobalSection(SolutionProperties) = preSolution
		HideSolutionNode = FALSE
	EndGlobalSection
	GlobalSection(ExtensibilityGlobals) = postSolution
		SolutionGuid = {21601F7F-4829-442B-9E9F-DE61F21F4242}
	EndGlobalSection
EndGlobal
